// !$*UTF8*$!
{
	archiveVersion = 1;
	classes = {
	};
	objectVersion = 50;
	objects = {

/* Begin PBXBuildFile section */
		F53543E2256510030026B1B5 /* MPMasterTwoScreenApp.swift in Sources */ = {isa = PBXBuildFile; fileRef = F53543E1256510030026B1B5 /* MPMasterTwoScreenApp.swift */; };
		F53543E6256510030026B1B5 /* Assets.xcassets in Resources */ = {isa = PBXBuildFile; fileRef = F53543E5256510030026B1B5 /* Assets.xcassets */; };
		F53543E9256510030026B1B5 /* Preview Assets.xcassets in Resources */ = {isa = PBXBuildFile; fileRef = F53543E8256510030026B1B5 /* Preview Assets.xcassets */; };
		F53543FE256517870026B1B5 /* TestModelPerson.swift in Sources */ = {isa = PBXBuildFile; fileRef = F53543FD256517870026B1B5 /* TestModelPerson.swift */; };
		F535440425651D8F0026B1B5 /* Background.swift in Sources */ = {isa = PBXBuildFile; fileRef = F535440325651D8F0026B1B5 /* Background.swift */; };
		F535440A25653A700026B1B5 /* OrderView.swift in Sources */ = {isa = PBXBuildFile; fileRef = F535440925653A700026B1B5 /* OrderView.swift */; };
		F57969D22570415F002A76F8 /* CustomColors.swift in Sources */ = {isa = PBXBuildFile; fileRef = F57969D12570415F002A76F8 /* CustomColors.swift */; };
		F5DC9F6725657180008C29D0 /* OrderViewModel.swift in Sources */ = {isa = PBXBuildFile; fileRef = F5DC9F6625657180008C29D0 /* OrderViewModel.swift */; };
		F5DC9F6A256677DC008C29D0 /* PersonView.swift in Sources */ = {isa = PBXBuildFile; fileRef = F5DC9F69256677DC008C29D0 /* PersonView.swift */; };
		F5DC9F6D25667D70008C29D0 /* Gradient.swift in Sources */ = {isa = PBXBuildFile; fileRef = F5DC9F6C25667D70008C29D0 /* Gradient.swift */; };
		F5DC9F7025680D19008C29D0 /* SquareButton.swift in Sources */ = {isa = PBXBuildFile; fileRef = F5DC9F6F25680D19008C29D0 /* SquareButton.swift */; };
		F5DC9F7325680FE7008C29D0 /* ButtonVariableWidth.swift in Sources */ = {isa = PBXBuildFile; fileRef = F5DC9F7225680FE7008C29D0 /* ButtonVariableWidth.swift */; };
		F5DC9F77256813EE008C29D0 /* ButtonWithBackAndShadow.swift in Sources */ = {isa = PBXBuildFile; fileRef = F5DC9F76256813EE008C29D0 /* ButtonWithBackAndShadow.swift */; };
		F5DC9F7C256815C0008C29D0 /* ButtonWithFrame.swift in Sources */ = {isa = PBXBuildFile; fileRef = F5DC9F7B256815C0008C29D0 /* ButtonWithFrame.swift */; };
		F5DC9F7F2568197D008C29D0 /* StyleForButtons.swift in Sources */ = {isa = PBXBuildFile; fileRef = F5DC9F7E2568197D008C29D0 /* StyleForButtons.swift */; };
		F5DC9F8225681A38008C29D0 /* StyleForTextWithBlueColor.swift in Sources */ = {isa = PBXBuildFile; fileRef = F5DC9F8125681A38008C29D0 /* StyleForTextWithBlueColor.swift */; };
		F5DC9F8525696BCA008C29D0 /* StyleForTextWithBlackColor.swift in Sources */ = {isa = PBXBuildFile; fileRef = F5DC9F8425696BCA008C29D0 /* StyleForTextWithBlackColor.swift */; };
		F5DC9F8B25696DFD008C29D0 /* ButtonOnlyText.swift in Sources */ = {isa = PBXBuildFile; fileRef = F5DC9F8A25696DFD008C29D0 /* ButtonOnlyText.swift */; };
		F5DC9F9225697565008C29D0 /* StyleForTextWithWhiteColor.swift in Sources */ = {isa = PBXBuildFile; fileRef = F5DC9F9125697565008C29D0 /* StyleForTextWithWhiteColor.swift */; };
		F5DC9F9625698AAC008C29D0 /* FontWeight.swift in Sources */ = {isa = PBXBuildFile; fileRef = F5DC9F9525698AAC008C29D0 /* FontWeight.swift */; };
		F5DC9FA3256A885E008C29D0 /* ButtonWithBack.swift in Sources */ = {isa = PBXBuildFile; fileRef = F5DC9FA2256A885E008C29D0 /* ButtonWithBack.swift */; };
		F5DC9FA6256A8912008C29D0 /* LabelView.swift in Sources */ = {isa = PBXBuildFile; fileRef = F5DC9FA5256A8912008C29D0 /* LabelView.swift */; };
		F5DC9FB2256ABA40008C29D0 /* CollapsableView.swift in Sources */ = {isa = PBXBuildFile; fileRef = F5DC9FB1256ABA40008C29D0 /* CollapsableView.swift */; };
		F5DC9FBC256AEB29008C29D0 /* RoundWithGradientButton.swift in Sources */ = {isa = PBXBuildFile; fileRef = F5DC9FBB256AEB29008C29D0 /* RoundWithGradientButton.swift */; };
		F5DC9FCB256BE6A7008C29D0 /* DropDownButton.swift in Sources */ = {isa = PBXBuildFile; fileRef = F5DC9FCA256BE6A7008C29D0 /* DropDownButton.swift */; };
		F5DCA00B256CE6F1008C29D0 /* TestModelForDropButton.swift in Sources */ = {isa = PBXBuildFile; fileRef = F5DCA00A256CE6F1008C29D0 /* TestModelForDropButton.swift */; };
		F5DCA00F256D0996008C29D0 /* TextFieldView.swift in Sources */ = {isa = PBXBuildFile; fileRef = F5DCA00E256D0996008C29D0 /* TextFieldView.swift */; };
		F5DCA017256E42A6008C29D0 /* LabelViewCenter.swift in Sources */ = {isa = PBXBuildFile; fileRef = F5DCA016256E42A6008C29D0 /* LabelViewCenter.swift */; };
/* End PBXBuildFile section */

/* Begin PBXFileReference section */
		F53543DE256510030026B1B5 /* MPMasterTwoScreen.app */ = {isa = PBXFileReference; explicitFileType = wrapper.application; includeInIndex = 0; path = MPMasterTwoScreen.app; sourceTree = BUILT_PRODUCTS_DIR; };
		F53543E1256510030026B1B5 /* MPMasterTwoScreenApp.swift */ = {isa = PBXFileReference; lastKnownFileType = sourcecode.swift; path = MPMasterTwoScreenApp.swift; sourceTree = "<group>"; };
		F53543E5256510030026B1B5 /* Assets.xcassets */ = {isa = PBXFileReference; lastKnownFileType = folder.assetcatalog; path = Assets.xcassets; sourceTree = "<group>"; };
		F53543E8256510030026B1B5 /* Preview Assets.xcassets */ = {isa = PBXFileReference; lastKnownFileType = folder.assetcatalog; path = "Preview Assets.xcassets"; sourceTree = "<group>"; };
		F53543EA256510030026B1B5 /* Info.plist */ = {isa = PBXFileReference; lastKnownFileType = text.plist.xml; path = Info.plist; sourceTree = "<group>"; };
		F53543FD256517870026B1B5 /* TestModelPerson.swift */ = {isa = PBXFileReference; lastKnownFileType = sourcecode.swift; path = TestModelPerson.swift; sourceTree = "<group>"; };
		F535440325651D8F0026B1B5 /* Background.swift */ = {isa = PBXFileReference; lastKnownFileType = sourcecode.swift; path = Background.swift; sourceTree = "<group>"; };
		F535440925653A700026B1B5 /* OrderView.swift */ = {isa = PBXFileReference; lastKnownFileType = sourcecode.swift; path = OrderView.swift; sourceTree = "<group>"; };
		F57969D12570415F002A76F8 /* CustomColors.swift */ = {isa = PBXFileReference; lastKnownFileType = sourcecode.swift; path = CustomColors.swift; sourceTree = "<group>"; };
		F5DC9F6625657180008C29D0 /* OrderViewModel.swift */ = {isa = PBXFileReference; lastKnownFileType = sourcecode.swift; path = OrderViewModel.swift; sourceTree = "<group>"; };
		F5DC9F69256677DC008C29D0 /* PersonView.swift */ = {isa = PBXFileReference; lastKnownFileType = sourcecode.swift; path = PersonView.swift; sourceTree = "<group>"; };
		F5DC9F6C25667D70008C29D0 /* Gradient.swift */ = {isa = PBXFileReference; lastKnownFileType = sourcecode.swift; path = Gradient.swift; sourceTree = "<group>"; };
		F5DC9F6F25680D19008C29D0 /* SquareButton.swift */ = {isa = PBXFileReference; lastKnownFileType = sourcecode.swift; path = SquareButton.swift; sourceTree = "<group>"; };
		F5DC9F7225680FE7008C29D0 /* ButtonVariableWidth.swift */ = {isa = PBXFileReference; lastKnownFileType = sourcecode.swift; path = ButtonVariableWidth.swift; sourceTree = "<group>"; };
		F5DC9F76256813EE008C29D0 /* ButtonWithBackAndShadow.swift */ = {isa = PBXFileReference; lastKnownFileType = sourcecode.swift; path = ButtonWithBackAndShadow.swift; sourceTree = "<group>"; };
		F5DC9F7B256815C0008C29D0 /* ButtonWithFrame.swift */ = {isa = PBXFileReference; lastKnownFileType = sourcecode.swift; path = ButtonWithFrame.swift; sourceTree = "<group>"; };
		F5DC9F7E2568197D008C29D0 /* StyleForButtons.swift */ = {isa = PBXFileReference; lastKnownFileType = sourcecode.swift; path = StyleForButtons.swift; sourceTree = "<group>"; };
		F5DC9F8125681A38008C29D0 /* StyleForTextWithBlueColor.swift */ = {isa = PBXFileReference; lastKnownFileType = sourcecode.swift; path = StyleForTextWithBlueColor.swift; sourceTree = "<group>"; };
		F5DC9F8425696BCA008C29D0 /* StyleForTextWithBlackColor.swift */ = {isa = PBXFileReference; lastKnownFileType = sourcecode.swift; path = StyleForTextWithBlackColor.swift; sourceTree = "<group>"; };
		F5DC9F8A25696DFD008C29D0 /* ButtonOnlyText.swift */ = {isa = PBXFileReference; lastKnownFileType = sourcecode.swift; path = ButtonOnlyText.swift; sourceTree = "<group>"; };
		F5DC9F9125697565008C29D0 /* StyleForTextWithWhiteColor.swift */ = {isa = PBXFileReference; lastKnownFileType = sourcecode.swift; path = StyleForTextWithWhiteColor.swift; sourceTree = "<group>"; };
		F5DC9F9525698AAC008C29D0 /* FontWeight.swift */ = {isa = PBXFileReference; lastKnownFileType = sourcecode.swift; path = FontWeight.swift; sourceTree = "<group>"; };
		F5DC9FA2256A885E008C29D0 /* ButtonWithBack.swift */ = {isa = PBXFileReference; lastKnownFileType = sourcecode.swift; path = ButtonWithBack.swift; sourceTree = "<group>"; };
		F5DC9FA5256A8912008C29D0 /* LabelView.swift */ = {isa = PBXFileReference; lastKnownFileType = sourcecode.swift; path = LabelView.swift; sourceTree = "<group>"; };
		F5DC9FB1256ABA40008C29D0 /* CollapsableView.swift */ = {isa = PBXFileReference; lastKnownFileType = sourcecode.swift; path = CollapsableView.swift; sourceTree = "<group>"; };
		F5DC9FBB256AEB29008C29D0 /* RoundWithGradientButton.swift */ = {isa = PBXFileReference; lastKnownFileType = sourcecode.swift; path = RoundWithGradientButton.swift; sourceTree = "<group>"; };
		F5DC9FCA256BE6A7008C29D0 /* DropDownButton.swift */ = {isa = PBXFileReference; lastKnownFileType = sourcecode.swift; path = DropDownButton.swift; sourceTree = "<group>"; };
		F5DCA00A256CE6F1008C29D0 /* TestModelForDropButton.swift */ = {isa = PBXFileReference; lastKnownFileType = sourcecode.swift; path = TestModelForDropButton.swift; sourceTree = "<group>"; };
		F5DCA00E256D0996008C29D0 /* TextFieldView.swift */ = {isa = PBXFileReference; lastKnownFileType = sourcecode.swift; path = TextFieldView.swift; sourceTree = "<group>"; };
		F5DCA016256E42A6008C29D0 /* LabelViewCenter.swift */ = {isa = PBXFileReference; lastKnownFileType = sourcecode.swift; path = LabelViewCenter.swift; sourceTree = "<group>"; };
/* End PBXFileReference section */

/* Begin PBXFrameworksBuildPhase section */
		F53543DB256510020026B1B5 /* Frameworks */ = {
			isa = PBXFrameworksBuildPhase;
			buildActionMask = 2147483647;
			files = (
			);
			runOnlyForDeploymentPostprocessing = 0;
		};
/* End PBXFrameworksBuildPhase section */

/* Begin PBXGroup section */
		F53543D5256510020026B1B5 = {
			isa = PBXGroup;
			children = (
				F53543E0256510030026B1B5 /* MPMasterTwoScreen */,
				F53543DF256510030026B1B5 /* Products */,
			);
			sourceTree = "<group>";
		};
		F53543DF256510030026B1B5 /* Products */ = {
			isa = PBXGroup;
			children = (
				F53543DE256510030026B1B5 /* MPMasterTwoScreen.app */,
			);
			name = Products;
			sourceTree = "<group>";
		};
		F53543E0256510030026B1B5 /* MPMasterTwoScreen */ = {
			isa = PBXGroup;
			children = (
				F53543FC2565176C0026B1B5 /* Models */,
				F53543F2256511100026B1B5 /* Views */,
				F53543F8256512680026B1B5 /* Styles */,
				F53543F4256511340026B1B5 /* SupportingFiles */,
				F53543F1256510F20026B1B5 /* InterfaceElements */,
				F53543F32565111F0026B1B5 /* Sources */,
			);
			path = MPMasterTwoScreen;
			sourceTree = "<group>";
		};
		F53543E7256510030026B1B5 /* Preview Content */ = {
			isa = PBXGroup;
			children = (
				F53543E8256510030026B1B5 /* Preview Assets.xcassets */,
			);
			path = "Preview Content";
			sourceTree = "<group>";
		};
		F53543F1256510F20026B1B5 /* InterfaceElements */ = {
			isa = PBXGroup;
			children = (
				F5DC9FB7256AE47C008C29D0 /* TextViews */,
				F5DC9FB6256AE466008C29D0 /* Gradients */,
				F5DC9FB5256AE451008C29D0 /* Labels */,
				F5DC9F8825696D6B008C29D0 /* Backgrounds */,
				F5DC9F8725696D57008C29D0 /* Buttons */,
			);
			path = InterfaceElements;
			sourceTree = "<group>";
		};
		F53543F2256511100026B1B5 /* Views */ = {
			isa = PBXGroup;
			children = (
				F5DC9F6625657180008C29D0 /* OrderViewModel.swift */,
				F535440925653A700026B1B5 /* OrderView.swift */,
				F5DC9F69256677DC008C29D0 /* PersonView.swift */,
			);
			path = Views;
			sourceTree = "<group>";
		};
		F53543F32565111F0026B1B5 /* Sources */ = {
			isa = PBXGroup;
			children = (
				F53543E5256510030026B1B5 /* Assets.xcassets */,
			);
			path = Sources;
			sourceTree = "<group>";
		};
		F53543F4256511340026B1B5 /* SupportingFiles */ = {
			isa = PBXGroup;
			children = (
				F53543E1256510030026B1B5 /* MPMasterTwoScreenApp.swift */,
				F53543E7256510030026B1B5 /* Preview Content */,
				F53543EA256510030026B1B5 /* Info.plist */,
			);
			path = SupportingFiles;
			sourceTree = "<group>";
		};
		F53543F8256512680026B1B5 /* Styles */ = {
			isa = PBXGroup;
			children = (
				F5DC9F9925698E1F008C29D0 /* FontStyles */,
				F5DC9F7E2568197D008C29D0 /* StyleForButtons.swift */,
				F5DC9F8125681A38008C29D0 /* StyleForTextWithBlueColor.swift */,
				F5DC9F8425696BCA008C29D0 /* StyleForTextWithBlackColor.swift */,
				F5DC9F9125697565008C29D0 /* StyleForTextWithWhiteColor.swift */,
				F57969D12570415F002A76F8 /* CustomColors.swift */,
			);
			path = Styles;
			sourceTree = "<group>";
		};
		F53543FC2565176C0026B1B5 /* Models */ = {
			isa = PBXGroup;
			children = (
				F53543FD256517870026B1B5 /* TestModelPerson.swift */,
				F5DCA00A256CE6F1008C29D0 /* TestModelForDropButton.swift */,
			);
			path = Models;
			sourceTree = "<group>";
		};
		F5DC9F8725696D57008C29D0 /* Buttons */ = {
			isa = PBXGroup;
			children = (
				F5DC9F6F25680D19008C29D0 /* SquareButton.swift */,
				F5DC9F7B256815C0008C29D0 /* ButtonWithFrame.swift */,
				F5DC9F76256813EE008C29D0 /* ButtonWithBackAndShadow.swift */,
				F5DC9F7225680FE7008C29D0 /* ButtonVariableWidth.swift */,
				F5DC9F8A25696DFD008C29D0 /* ButtonOnlyText.swift */,
				F5DC9FA2256A885E008C29D0 /* ButtonWithBack.swift */,
				F5DC9FB1256ABA40008C29D0 /* CollapsableView.swift */,
				F5DC9FBB256AEB29008C29D0 /* RoundWithGradientButton.swift */,
				F5DC9FCA256BE6A7008C29D0 /* DropDownButton.swift */,
			);
			path = Buttons;
			sourceTree = "<group>";
		};
		F5DC9F8825696D6B008C29D0 /* Backgrounds */ = {
			isa = PBXGroup;
			children = (
				F535440325651D8F0026B1B5 /* Background.swift */,
			);
			path = Backgrounds;
			sourceTree = "<group>";
		};
		F5DC9F9925698E1F008C29D0 /* FontStyles */ = {
			isa = PBXGroup;
			children = (
				F5DC9F9525698AAC008C29D0 /* FontWeight.swift */,
			);
			path = FontStyles;
			sourceTree = "<group>";
		};
		F5DC9FB5256AE451008C29D0 /* Labels */ = {
			isa = PBXGroup;
			children = (
				F5DC9FA5256A8912008C29D0 /* LabelView.swift */,
				F5DCA016256E42A6008C29D0 /* LabelViewCenter.swift */,
			);
			path = Labels;
			sourceTree = "<group>";
		};
		F5DC9FB6256AE466008C29D0 /* Gradients */ = {
			isa = PBXGroup;
			children = (
				F5DC9F6C25667D70008C29D0 /* Gradient.swift */,
			);
			path = Gradients;
			sourceTree = "<group>";
		};
		F5DC9FB7256AE47C008C29D0 /* TextViews */ = {
			isa = PBXGroup;
			children = (
				F5DCA00E256D0996008C29D0 /* TextFieldView.swift */,
			);
			path = TextViews;
			sourceTree = "<group>";
		};
/* End PBXGroup section */

/* Begin PBXNativeTarget section */
		F53543DD256510020026B1B5 /* MPMasterTwoScreen */ = {
			isa = PBXNativeTarget;
			buildConfigurationList = F53543ED256510030026B1B5 /* Build configuration list for PBXNativeTarget "MPMasterTwoScreen" */;
			buildPhases = (
				F53543DA256510020026B1B5 /* Sources */,
				F53543DB256510020026B1B5 /* Frameworks */,
				F53543DC256510020026B1B5 /* Resources */,
			);
			buildRules = (
			);
			dependencies = (
			);
			name = MPMasterTwoScreen;
			productName = MPMasterTwoScreen;
			productReference = F53543DE256510030026B1B5 /* MPMasterTwoScreen.app */;
			productType = "com.apple.product-type.application";
		};
/* End PBXNativeTarget section */

/* Begin PBXProject section */
		F53543D6256510020026B1B5 /* Project object */ = {
			isa = PBXProject;
			attributes = {
				LastSwiftUpdateCheck = 1220;
				LastUpgradeCheck = 1220;
				TargetAttributes = {
					F53543DD256510020026B1B5 = {
						CreatedOnToolsVersion = 12.2;
					};
				};
			};
			buildConfigurationList = F53543D9256510020026B1B5 /* Build configuration list for PBXProject "MPMasterTwoScreen" */;
			compatibilityVersion = "Xcode 9.3";
			developmentRegion = en;
			hasScannedForEncodings = 0;
			knownRegions = (
				en,
				Base,
			);
			mainGroup = F53543D5256510020026B1B5;
			productRefGroup = F53543DF256510030026B1B5 /* Products */;
			projectDirPath = "";
			projectRoot = "";
			targets = (
				F53543DD256510020026B1B5 /* MPMasterTwoScreen */,
			);
		};
/* End PBXProject section */

/* Begin PBXResourcesBuildPhase section */
		F53543DC256510020026B1B5 /* Resources */ = {
			isa = PBXResourcesBuildPhase;
			buildActionMask = 2147483647;
			files = (
				F53543E9256510030026B1B5 /* Preview Assets.xcassets in Resources */,
				F53543E6256510030026B1B5 /* Assets.xcassets in Resources */,
			);
			runOnlyForDeploymentPostprocessing = 0;
		};
/* End PBXResourcesBuildPhase section */

/* Begin PBXSourcesBuildPhase section */
		F53543DA256510020026B1B5 /* Sources */ = {
			isa = PBXSourcesBuildPhase;
			buildActionMask = 2147483647;
			files = (
				F5DC9F8525696BCA008C29D0 /* StyleForTextWithBlackColor.swift in Sources */,
				F5DC9F6A256677DC008C29D0 /* PersonView.swift in Sources */,
				F53543FE256517870026B1B5 /* TestModelPerson.swift in Sources */,
				F5DC9F7025680D19008C29D0 /* SquareButton.swift in Sources */,
				F5DCA017256E42A6008C29D0 /* LabelViewCenter.swift in Sources */,
				F5DC9F7C256815C0008C29D0 /* ButtonWithFrame.swift in Sources */,
				F5DC9F7325680FE7008C29D0 /* ButtonVariableWidth.swift in Sources */,
				F5DC9F6D25667D70008C29D0 /* Gradient.swift in Sources */,
				F5DC9FCB256BE6A7008C29D0 /* DropDownButton.swift in Sources */,
				F5DC9FA3256A885E008C29D0 /* ButtonWithBack.swift in Sources */,
				F5DCA00B256CE6F1008C29D0 /* TestModelForDropButton.swift in Sources */,
				F535440A25653A700026B1B5 /* OrderView.swift in Sources */,
				F53543E2256510030026B1B5 /* MPMasterTwoScreenApp.swift in Sources */,
				F5DC9F77256813EE008C29D0 /* ButtonWithBackAndShadow.swift in Sources */,
				F535440425651D8F0026B1B5 /* Background.swift in Sources */,
				F5DC9F9225697565008C29D0 /* StyleForTextWithWhiteColor.swift in Sources */,
				F5DC9FBC256AEB29008C29D0 /* RoundWithGradientButton.swift in Sources */,
				F5DC9FA6256A8912008C29D0 /* LabelView.swift in Sources */,
				F5DC9F6725657180008C29D0 /* OrderViewModel.swift in Sources */,
				F5DC9FB2256ABA40008C29D0 /* CollapsableView.swift in Sources */,
				F5DCA00F256D0996008C29D0 /* TextFieldView.swift in Sources */,
				F57969D22570415F002A76F8 /* CustomColors.swift in Sources */,
				F5DC9F7F2568197D008C29D0 /* StyleForButtons.swift in Sources */,
				F5DC9F8B25696DFD008C29D0 /* ButtonOnlyText.swift in Sources */,
				F5DC9F9625698AAC008C29D0 /* FontWeight.swift in Sources */,
				F5DC9F8225681A38008C29D0 /* StyleForTextWithBlueColor.swift in Sources */,
			);
			runOnlyForDeploymentPostprocessing = 0;
		};
/* End PBXSourcesBuildPhase section */

/* Begin XCBuildConfiguration section */
		F53543EB256510030026B1B5 /* Debug */ = {
			isa = XCBuildConfiguration;
			buildSettings = {
				ALWAYS_SEARCH_USER_PATHS = NO;
				CLANG_ANALYZER_NONNULL = YES;
				CLANG_ANALYZER_NUMBER_OBJECT_CONVERSION = YES_AGGRESSIVE;
				CLANG_CXX_LANGUAGE_STANDARD = "gnu++14";
				CLANG_CXX_LIBRARY = "libc++";
				CLANG_ENABLE_MODULES = YES;
				CLANG_ENABLE_OBJC_ARC = YES;
				CLANG_ENABLE_OBJC_WEAK = YES;
				CLANG_WARN_BLOCK_CAPTURE_AUTORELEASING = YES;
				CLANG_WARN_BOOL_CONVERSION = YES;
				CLANG_WARN_COMMA = YES;
				CLANG_WARN_CONSTANT_CONVERSION = YES;
				CLANG_WARN_DEPRECATED_OBJC_IMPLEMENTATIONS = YES;
				CLANG_WARN_DIRECT_OBJC_ISA_USAGE = YES_ERROR;
				CLANG_WARN_DOCUMENTATION_COMMENTS = YES;
				CLANG_WARN_EMPTY_BODY = YES;
				CLANG_WARN_ENUM_CONVERSION = YES;
				CLANG_WARN_INFINITE_RECURSION = YES;
				CLANG_WARN_INT_CONVERSION = YES;
				CLANG_WARN_NON_LITERAL_NULL_CONVERSION = YES;
				CLANG_WARN_OBJC_IMPLICIT_RETAIN_SELF = YES;
				CLANG_WARN_OBJC_LITERAL_CONVERSION = YES;
				CLANG_WARN_OBJC_ROOT_CLASS = YES_ERROR;
				CLANG_WARN_QUOTED_INCLUDE_IN_FRAMEWORK_HEADER = YES;
				CLANG_WARN_RANGE_LOOP_ANALYSIS = YES;
				CLANG_WARN_STRICT_PROTOTYPES = YES;
				CLANG_WARN_SUSPICIOUS_MOVE = YES;
				CLANG_WARN_UNGUARDED_AVAILABILITY = YES_AGGRESSIVE;
				CLANG_WARN_UNREACHABLE_CODE = YES;
				CLANG_WARN__DUPLICATE_METHOD_MATCH = YES;
				COPY_PHASE_STRIP = NO;
				DEBUG_INFORMATION_FORMAT = dwarf;
				ENABLE_STRICT_OBJC_MSGSEND = YES;
				ENABLE_TESTABILITY = YES;
				GCC_C_LANGUAGE_STANDARD = gnu11;
				GCC_DYNAMIC_NO_PIC = NO;
				GCC_NO_COMMON_BLOCKS = YES;
				GCC_OPTIMIZATION_LEVEL = 0;
				GCC_PREPROCESSOR_DEFINITIONS = (
					"DEBUG=1",
					"$(inherited)",
				);
				GCC_WARN_64_TO_32_BIT_CONVERSION = YES;
				GCC_WARN_ABOUT_RETURN_TYPE = YES_ERROR;
				GCC_WARN_UNDECLARED_SELECTOR = YES;
				GCC_WARN_UNINITIALIZED_AUTOS = YES_AGGRESSIVE;
				GCC_WARN_UNUSED_FUNCTION = YES;
				GCC_WARN_UNUSED_VARIABLE = YES;
				IPHONEOS_DEPLOYMENT_TARGET = 14.2;
				MTL_ENABLE_DEBUG_INFO = INCLUDE_SOURCE;
				MTL_FAST_MATH = YES;
				ONLY_ACTIVE_ARCH = YES;
				SDKROOT = iphoneos;
				SWIFT_ACTIVE_COMPILATION_CONDITIONS = DEBUG;
				SWIFT_OPTIMIZATION_LEVEL = "-Onone";
			};
			name = Debug;
		};
		F53543EC256510030026B1B5 /* Release */ = {
			isa = XCBuildConfiguration;
			buildSettings = {
				ALWAYS_SEARCH_USER_PATHS = NO;
				CLANG_ANALYZER_NONNULL = YES;
				CLANG_ANALYZER_NUMBER_OBJECT_CONVERSION = YES_AGGRESSIVE;
				CLANG_CXX_LANGUAGE_STANDARD = "gnu++14";
				CLANG_CXX_LIBRARY = "libc++";
				CLANG_ENABLE_MODULES = YES;
				CLANG_ENABLE_OBJC_ARC = YES;
				CLANG_ENABLE_OBJC_WEAK = YES;
				CLANG_WARN_BLOCK_CAPTURE_AUTORELEASING = YES;
				CLANG_WARN_BOOL_CONVERSION = YES;
				CLANG_WARN_COMMA = YES;
				CLANG_WARN_CONSTANT_CONVERSION = YES;
				CLANG_WARN_DEPRECATED_OBJC_IMPLEMENTATIONS = YES;
				CLANG_WARN_DIRECT_OBJC_ISA_USAGE = YES_ERROR;
				CLANG_WARN_DOCUMENTATION_COMMENTS = YES;
				CLANG_WARN_EMPTY_BODY = YES;
				CLANG_WARN_ENUM_CONVERSION = YES;
				CLANG_WARN_INFINITE_RECURSION = YES;
				CLANG_WARN_INT_CONVERSION = YES;
				CLANG_WARN_NON_LITERAL_NULL_CONVERSION = YES;
				CLANG_WARN_OBJC_IMPLICIT_RETAIN_SELF = YES;
				CLANG_WARN_OBJC_LITERAL_CONVERSION = YES;
				CLANG_WARN_OBJC_ROOT_CLASS = YES_ERROR;
				CLANG_WARN_QUOTED_INCLUDE_IN_FRAMEWORK_HEADER = YES;
				CLANG_WARN_RANGE_LOOP_ANALYSIS = YES;
				CLANG_WARN_STRICT_PROTOTYPES = YES;
				CLANG_WARN_SUSPICIOUS_MOVE = YES;
				CLANG_WARN_UNGUARDED_AVAILABILITY = YES_AGGRESSIVE;
				CLANG_WARN_UNREACHABLE_CODE = YES;
				CLANG_WARN__DUPLICATE_METHOD_MATCH = YES;
				COPY_PHASE_STRIP = NO;
				DEBUG_INFORMATION_FORMAT = "dwarf-with-dsym";
				ENABLE_NS_ASSERTIONS = NO;
				ENABLE_STRICT_OBJC_MSGSEND = YES;
				GCC_C_LANGUAGE_STANDARD = gnu11;
				GCC_NO_COMMON_BLOCKS = YES;
				GCC_WARN_64_TO_32_BIT_CONVERSION = YES;
				GCC_WARN_ABOUT_RETURN_TYPE = YES_ERROR;
				GCC_WARN_UNDECLARED_SELECTOR = YES;
				GCC_WARN_UNINITIALIZED_AUTOS = YES_AGGRESSIVE;
				GCC_WARN_UNUSED_FUNCTION = YES;
				GCC_WARN_UNUSED_VARIABLE = YES;
				IPHONEOS_DEPLOYMENT_TARGET = 14.2;
				MTL_ENABLE_DEBUG_INFO = NO;
				MTL_FAST_MATH = YES;
				SDKROOT = iphoneos;
				SWIFT_COMPILATION_MODE = wholemodule;
				SWIFT_OPTIMIZATION_LEVEL = "-O";
				VALIDATE_PRODUCT = YES;
			};
			name = Release;
		};
		F53543EE256510030026B1B5 /* Debug */ = {
			isa = XCBuildConfiguration;
			buildSettings = {
				ASSETCATALOG_COMPILER_APPICON_NAME = AppIcon;
				ASSETCATALOG_COMPILER_GLOBAL_ACCENT_COLOR_NAME = AccentColor;
				CODE_SIGN_STYLE = Automatic;
				DEVELOPMENT_ASSET_PATHS = "\"MPMasterTwoScreen/SupportingFiles/Preview Content\"";
				DEVELOPMENT_TEAM = P87Y98S683;
				ENABLE_PREVIEWS = YES;
				INFOPLIST_FILE = MPMasterTwoScreen/SupportingFiles/Info.plist;
				IPHONEOS_DEPLOYMENT_TARGET = 14.0;
				LD_RUNPATH_SEARCH_PATHS = (
					"$(inherited)",
					"@executable_path/Frameworks",
				);
				PRODUCT_BUNDLE_IDENTIFIER = UmbrellaCorp.MPMasterTwoScreen;
				PRODUCT_NAME = "$(TARGET_NAME)";
				SWIFT_VERSION = 5.0;
				TARGETED_DEVICE_FAMILY = "1,2";
			};
			name = Debug;
		};
		F53543EF256510030026B1B5 /* Release */ = {
			isa = XCBuildConfiguration;
			buildSettings = {
				ASSETCATALOG_COMPILER_APPICON_NAME = AppIcon;
				ASSETCATALOG_COMPILER_GLOBAL_ACCENT_COLOR_NAME = AccentColor;
				CODE_SIGN_STYLE = Automatic;
				DEVELOPMENT_ASSET_PATHS = "\"MPMasterTwoScreen/SupportingFiles/Preview Content\"";
				DEVELOPMENT_TEAM = P87Y98S683;
				ENABLE_PREVIEWS = YES;
				INFOPLIST_FILE = MPMasterTwoScreen/SupportingFiles/Info.plist;
				IPHONEOS_DEPLOYMENT_TARGET = 14.0;
				LD_RUNPATH_SEARCH_PATHS = (
					"$(inherited)",
					"@executable_path/Frameworks",
				);
				PRODUCT_BUNDLE_IDENTIFIER = UmbrellaCorp.MPMasterTwoScreen;
				PRODUCT_NAME = "$(TARGET_NAME)";
				SWIFT_VERSION = 5.0;
				TARGETED_DEVICE_FAMILY = "1,2";
			};
			name = Release;
		};
/* End XCBuildConfiguration section */

/* Begin XCConfigurationList section */
		F53543D9256510020026B1B5 /* Build configuration list for PBXProject "MPMasterTwoScreen" */ = {
			isa = XCConfigurationList;
			buildConfigurations = (
				F53543EB256510030026B1B5 /* Debug */,
				F53543EC256510030026B1B5 /* Release */,
			);
			defaultConfigurationIsVisible = 0;
			defaultConfigurationName = Release;
		};
		F53543ED256510030026B1B5 /* Build configuration list for PBXNativeTarget "MPMasterTwoScreen" */ = {
			isa = XCConfigurationList;
			buildConfigurations = (
				F53543EE256510030026B1B5 /* Debug */,
				F53543EF256510030026B1B5 /* Release */,
			);
			defaultConfigurationIsVisible = 0;
			defaultConfigurationName = Release;
		};
/* End XCConfigurationList section */
	};
	rootObject = F53543D6256510020026B1B5 /* Project object */;
}
